
Microsoft Visual Studio Solution File, Format Version 12.00
# Visual Studio Version 17
VisualStudioVersion = 17.4.33122.133
MinimumVisualStudioVersion = 10.0.40219.1
Project("{FAE04EC0-301F-11D3-BF4B-00C04F79EFBC}") = "U1-W3-D3-BACK", "U1-W3-D3-BACK\U1-W3-D3-BACK.csproj", "{25FA9F65-2807-4BF3-AF85-988A3A760573}"
EndProject
Global
	GlobalSection(SolutionConfigurationPlatforms) = preSolution
		Debug|Any CPU = Debug|Any CPU
		Release|Any CPU = Release|Any CPU
	EndGlobalSection
	GlobalSection(ProjectConfigurationPlatforms) = postSolution
		{25FA9F65-2807-4BF3-AF85-988A3A760573}.Debug|Any CPU.ActiveCfg = Debug|Any CPU
		{25FA9F65-2807-4BF3-AF85-988A3A760573}.Debug|Any CPU.Build.0 = Debug|Any CPU
		{25FA9F65-2807-4BF3-AF85-988A3A760573}.Release|Any CPU.ActiveCfg = Release|Any CPU
		{25FA9F65-2807-4BF3-AF85-988A3A760573}.Release|Any CPU.Build.0 = Release|Any CPU
	EndGlobalSection
	GlobalSection(SolutionProperties) = preSolution
		HideSolutionNode = FALSE
	EndGlobalSection
	GlobalSection(ExtensibilityGlobals) = postSolution
		SolutionGuid = {F9D45FA0-7203-4F9C-81EA-59F973F764A5}
	EndGlobalSection
EndGlobal
